{
  "name": "tods-competition-factory",
  "version": "1.0.0",
  "lockfileVersion": 1,
  "requires": true,
  "dependencies": {
    "faker": {
      "version": "5.1.0",
      "resolved": "https://registry.npmjs.org/faker/-/faker-5.1.0.tgz",
      "integrity": "sha512-RrWKFSSA/aNLP0g3o2WW1Zez7/MnMr7xkiZmoCfAGZmdkDQZ6l2KtuXHN5XjdvpRjDl8+3vf+Rrtl06Z352+Mw=="
    },
    "tods-matchup-format-code": {
      "version": "1.0.6",
      "resolved": "https://registry.npmjs.org/tods-matchup-format-code/-/tods-matchup-format-code-1.0.6.tgz",
      "integrity": "sha512-yTHT4dFz3SdLacqsKc6yp4orVtrYUUs7AwPYuvcNno6mVRP5stOywoCSVMTSF31HAlFPmvm6al2N57fqfDyD1A=="
    }
  }
}
